
Microsoft Visual Studio Solution File, Format Version 12.00
# Visual Studio Version 17
VisualStudioVersion = 17.9.34622.214
MinimumVisualStudioVersion = 10.0.40219.1
Project("{9A19103F-16F7-4668-BE54-9A1E7A4F7556}") = "RMS_API", "RMS_API\RMS_API.csproj", "{B68143CA-0469-46DB-923A-A4848C1A7CB3}"
EndProject
Project("{9A19103F-16F7-4668-BE54-9A1E7A4F7556}") = "RMS_Client", "RMS-Client\RMS_Client.csproj", "{77C76508-FBB5-4DA4-AC11-1671EB7C45FE}"
EndProject
Project("{FAE04EC0-301F-11D3-BF4B-00C04F79EFBC}") = "RMS_TestingUnit", "RMS_TestingUnit\RMS_TestingUnit.csproj", "{12FC71E0-0E77-44CC-AA66-69A81311F19F}"
EndProject
Global
	GlobalSection(SolutionConfigurationPlatforms) = preSolution
		Debug|Any CPU = Debug|Any CPU
		Release|Any CPU = Release|Any CPU
	EndGlobalSection
	GlobalSection(ProjectConfigurationPlatforms) = postSolution
		{B68143CA-0469-46DB-923A-A4848C1A7CB3}.Debug|Any CPU.ActiveCfg = Debug|Any CPU
		{B68143CA-0469-46DB-923A-A4848C1A7CB3}.Debug|Any CPU.Build.0 = Debug|Any CPU
		{B68143CA-0469-46DB-923A-A4848C1A7CB3}.Release|Any CPU.ActiveCfg = Release|Any CPU
		{B68143CA-0469-46DB-923A-A4848C1A7CB3}.Release|Any CPU.Build.0 = Release|Any CPU
		{77C76508-FBB5-4DA4-AC11-1671EB7C45FE}.Debug|Any CPU.ActiveCfg = Debug|Any CPU
		{77C76508-FBB5-4DA4-AC11-1671EB7C45FE}.Debug|Any CPU.Build.0 = Debug|Any CPU
		{77C76508-FBB5-4DA4-AC11-1671EB7C45FE}.Release|Any CPU.ActiveCfg = Release|Any CPU
		{77C76508-FBB5-4DA4-AC11-1671EB7C45FE}.Release|Any CPU.Build.0 = Release|Any CPU
		{12FC71E0-0E77-44CC-AA66-69A81311F19F}.Debug|Any CPU.ActiveCfg = Debug|Any CPU
		{12FC71E0-0E77-44CC-AA66-69A81311F19F}.Debug|Any CPU.Build.0 = Debug|Any CPU
		{12FC71E0-0E77-44CC-AA66-69A81311F19F}.Release|Any CPU.ActiveCfg = Release|Any CPU
		{12FC71E0-0E77-44CC-AA66-69A81311F19F}.Release|Any CPU.Build.0 = Release|Any CPU
	EndGlobalSection
	GlobalSection(SolutionProperties) = preSolution
		HideSolutionNode = FALSE
	EndGlobalSection
	GlobalSection(ExtensibilityGlobals) = postSolution
		SolutionGuid = {59AB72CF-12A4-41E8-8C5A-5DB9FD43C7BA}
	EndGlobalSection
EndGlobal
